
Microsoft Visual Studio Solution File, Format Version 12.00
# Visual Studio Version 17
VisualStudioVersion = 17.4.33103.184
MinimumVisualStudioVersion = 10.0.40219.1
Project("{9A19103F-16F7-4668-BE54-9A1E7A4F7556}") = "FluentUI.CodeGenerator", "FluentUI.CodeGenerator\FluentUI.CodeGenerator.csproj", "{A0ED63CB-6E00-4B11-AD93-4B9787ECE332}"
EndProject
Project("{9A19103F-16F7-4668-BE54-9A1E7A4F7556}") = "FluentUI.Design", "FluentUI.Design\FluentUI.Design.csproj", "{2A18D80B-785C-4598-919A-713B3E6A7CFA}"
EndProject
Project("{9A19103F-16F7-4668-BE54-9A1E7A4F7556}") = "FluentUI.Demo", "FluentUI.Demo\FluentUI.Demo.csproj", "{93BB75BC-234B-44BC-9E89-F83AD29FED4B}"
EndProject
Project("{2150E333-8FDC-42A3-9474-1A3956D46DE8}") = "解决方案项", "解决方案项", "{8EEE8F84-BD46-4CB0-8CF7-065402F5C8DC}"
	ProjectSection(SolutionItems) = preProject
		.github\workflows\dotnet-desktop.yml = .github\workflows\dotnet-desktop.yml
	EndProjectSection
EndProject
Global
	GlobalSection(SolutionConfigurationPlatforms) = preSolution
		Debug|Any CPU = Debug|Any CPU
		Release|Any CPU = Release|Any CPU
	EndGlobalSection
	GlobalSection(ProjectConfigurationPlatforms) = postSolution
		{A0ED63CB-6E00-4B11-AD93-4B9787ECE332}.Debug|Any CPU.ActiveCfg = Debug|Any CPU
		{A0ED63CB-6E00-4B11-AD93-4B9787ECE332}.Debug|Any CPU.Build.0 = Debug|Any CPU
		{A0ED63CB-6E00-4B11-AD93-4B9787ECE332}.Release|Any CPU.ActiveCfg = Release|Any CPU
		{A0ED63CB-6E00-4B11-AD93-4B9787ECE332}.Release|Any CPU.Build.0 = Release|Any CPU
		{2A18D80B-785C-4598-919A-713B3E6A7CFA}.Debug|Any CPU.ActiveCfg = Debug|Any CPU
		{2A18D80B-785C-4598-919A-713B3E6A7CFA}.Debug|Any CPU.Build.0 = Debug|Any CPU
		{2A18D80B-785C-4598-919A-713B3E6A7CFA}.Release|Any CPU.ActiveCfg = Release|Any CPU
		{2A18D80B-785C-4598-919A-713B3E6A7CFA}.Release|Any CPU.Build.0 = Release|Any CPU
		{93BB75BC-234B-44BC-9E89-F83AD29FED4B}.Debug|Any CPU.ActiveCfg = Debug|Any CPU
		{93BB75BC-234B-44BC-9E89-F83AD29FED4B}.Debug|Any CPU.Build.0 = Debug|Any CPU
		{93BB75BC-234B-44BC-9E89-F83AD29FED4B}.Release|Any CPU.ActiveCfg = Release|Any CPU
		{93BB75BC-234B-44BC-9E89-F83AD29FED4B}.Release|Any CPU.Build.0 = Release|Any CPU
	EndGlobalSection
	GlobalSection(SolutionProperties) = preSolution
		HideSolutionNode = FALSE
	EndGlobalSection
	GlobalSection(ExtensibilityGlobals) = postSolution
		SolutionGuid = {57EB2BEB-4227-4C8D-9803-4DD69EEEC1B1}
	EndGlobalSection
EndGlobal
